{
    "_meta": {
        "hash": {
            "sha256": "cdff8e6ef835976e09dbc19839b455d3fd9459571bd6b5a3d1e6e766eb3db322"
        },
        "host-environment-markers": {
            "implementation_name": "cpython",
            "implementation_version": "3.6.4",
            "os_name": "posix",
            "platform_machine": "x86_64",
            "platform_python_implementation": "CPython",
            "platform_release": "17.3.0",
            "platform_system": "Darwin",
            "platform_version": "Darwin Kernel Version 17.3.0: Thu Nov  9 18:09:22 PST 2017; root:xnu-4570.31.3~1/RELEASE_X86_64",
            "python_full_version": "3.6.4",
            "python_version": "3.6",
            "sys_platform": "darwin"
        },
        "pipfile-spec": 6,
        "requires": {
            "python_version": "3.6"
        },
        "sources": [
            {
                "name": "pypi",
                "url": "https://pypi.python.org/simple",
                "verify_ssl": true
            }
        ]
    },
    "default": {
        "certifi": {
            "hashes": [
                "sha256:14131608ad2fd56836d33a71ee60fa1c82bc9d2c8d98b7bdbc631fe1b3cd1296",
                "sha256:edbc3f203427eef571f79a7692bb160a2b0f7ccaa31953e99bd17e307cf63f7d"
            ],
            "version": "==2018.1.18"
        },
        "chardet": {
            "hashes": [
                "sha256:fc323ffcaeaed0e0a02bf4d117757b98aed530d9ed4531e3e15460124c106691",
                "sha256:84ab92ed1c4d4f16916e05906b6b75a6c0fb5db821cc65e70cbd64a3e2a5eaae"
            ],
            "version": "==3.0.4"
        },
        "dnspython": {
            "hashes": [
                "sha256:861e6e58faa730f9845aaaa9c6c832851fbf89382ac52915a51f89c71accdd31",
                "sha256:40f563e1f7a7b80dc5a4e76ad75c23da53d62f1e15e6e517293b04e1f84ead7c"
            ],
            "version": "==1.15.0"
        },
        "dnspython3": {
            "hashes": [
                "sha256:6eb9504abafb91cb67ed9dc3d3289a3ccc438533b460eccbf77e36c5323100f4"
            ],
            "version": "==1.15.0"
        },
        "errbot": {
            "git": "https://github.com/errbotio/errbot",
            "ref": "master"
        },
        "future": {
            "hashes": [
                "sha256:e39ced1ab767b5936646cedba8bcce582398233d6a627067d4c6a454c90cfedb"
            ],
            "version": "==0.16.0"
        },
        "hypchat": {
            "hashes": [
                "sha256:ef37a9cd8103bb13ad772b28ba9223ca9d4278371e374450c3ea2918df70a8e9"
            ],
            "version": "==0.21"
        },
        "idna": {
            "hashes": [
                "sha256:8c7309c718f94b3a625cb648ace320157ad16ff131ae0af362c9f21b80ef6ec4",
                "sha256:2c6a5de3089009e3da7c5dde64a141dbc8551d5b7f6cf4ed7c2568d0cc520a8f"
            ],
            "version": "==2.6"
        },
        "inflect": {
            "hashes": [
                "sha256:0e2358f4f46a54cca3d77b983fa3708b02dc83acd8d28466a67e88b72e5c1b34",
                "sha256:2014c8dcb2114ebae2941ba3f0fbd98a02c846792a7b72f2da31eb9aa431a818"
            ],
            "version": "==0.2.5"
        },
        "irc": {
            "hashes": [
                "sha256:6fbf830793447f43c75b604c7dc05ef77aeb2bfa1368d1ad8423e37500552c58",
                "sha256:c030a5df6cf505177b0481d9b93ffc63a02a3cfdacb3c96bbb70a8e5a89e1290"
            ],
            "version": "==16.2.1"
        },
        "jaraco.classes": {
            "hashes": [
                "sha256:a01e2a1199b09d90169674f56f93766d2b49821424f0032d013ad77bf73d9ae9",
                "sha256:e347f2b502521bfc35c57ab4695e8b6d7371625c392a0ca0d46742ee93359d3e"
            ],
            "version": "==1.4.3"
        },
        "jaraco.collections": {
            "hashes": [
                "sha256:1e6904f662a31dce5ba5702eae342d7a66d178dd1e4195824385ce5988e361d5",
                "sha256:d9cb10e7bca89b680381adb38476f6d782ec45751d802ce7387da5310b669515"
            ],
            "version": "==1.5.3"
        },
        "jaraco.functools": {
            "hashes": [
                "sha256:7cef2ef3b2164884d7894fa4c080a530bd75ee3bd6bf1959f9acba566a42cb03",
                "sha256:f13435cd3df3ad5c0eaf67a00f1aad1aaae2459db9120bdf52550e607c8c4e26"
            ],
            "version": "==1.17"
        },
        "jaraco.itertools": {
            "hashes": [
                "sha256:82986052b1225acee066a01852186166d6f74ca36dbc6de0cd94345291c37614",
                "sha256:368e67e4cb9a046db36053d91ece963bbb798639d0898953ca596d544e6b6cd9"
            ],
            "version": "==2.1.1"
        },
        "jaraco.logging": {
            "hashes": [
                "sha256:2223de2f518db1b3945004b443f72670b4eb844479c6f493f1a7bee791cb386e",
                "sha256:e4eac879927ecb2065c0631d2c8bb36c16138c5085c57db055bdfee2fdb709a8"
            ],
            "version": "==1.5.1"
        },
        "jaraco.stream": {
            "hashes": [
                "sha256:c4df46bd12da366763cbb45ee1aaa1b6ddfdb6fa752d04e6df8226e1c3828626",
                "sha256:1acfb4f7318e9a3d074836c3536a59b63df66e9674fa237c832e419815755046"
            ],
            "version": "==1.1.2"
        },
        "jaraco.text": {
            "hashes": [
                "sha256:88c93a3898af84c0cd4d234991957e529e55f7d1ce5d1551dfa44a3f55c0ba01",
                "sha256:95767b4df0b3e4f2452af2e02038213c133db67f5f6440b5f6d17721a60bb04f"
            ],
            "version": "==1.10"
        },
        "more-itertools": {
            "hashes": [
                "sha256:11a625025954c20145b37ff6309cd54e39ca94f72f6bb9576d1195db6fa2442e",
                "sha256:0dd8f72eeab0d2c3bd489025bb2f6a1b8342f9b198f6fc37b52d15cfa4531fea",
                "sha256:c9ce7eccdcb901a2c75d326ea134e0886abfbea5f93e91cc95de9507c0816c44"
            ],
            "version": "==4.1.0"
        },
        "pyasn1": {
            "hashes": [
                "sha256:f81c96761fca60d64b1c9b79ec2e40cf9495a745cf570613079ef324aeb9672b",
                "sha256:7d626683e3d792cccc608da02498aff37ab4f3dafd8905d6bf755d11f9b26b43",
                "sha256:e85895087905c65b5b594eb91f7522664c85545b147d5f4d4e7b1b07da8dcbdc",
                "sha256:5a0db897b311d265cde49615cf783f1c78613138605cdd0f907ecfa5b2aba3ee",
                "sha256:d5cd6ed995dba16fad0c521cfe31cd2d68400b53fcc2bce93326829be73ab6d1",
                "sha256:a7efe807c4b83a859e2735c692b92ed7b567cfddc4163763412920041d876c2b",
                "sha256:b5a9ca48055b9a20f6d1b3d68e38692e5431c86a0f99ea602e61294e891fee5b",
                "sha256:c07d6e587b2f928366b1f67c09bda026a3e6fcc99e80a744dc67f8fca3895626",
                "sha256:d84c2aea3cf43780e9e6a19f4e4dddee9f6976519020e64e47c57e5c7a8c3dd2",
                "sha256:758cb50abddc03e4563fd9e7f03db56e3e87b58c0bd01247360326e5c0c7ffa5",
                "sha256:0d7f6e959fe53f3960a23d73f35e1fce61348b30915b6664309ca756de7c1f89",
                "sha256:d258b0a71994f7770599835249cece1caef3c70def868c4915e6e5ca49b67d15"
            ],
            "version": "==0.4.2"
        },
        "pyasn1-modules": {
            "hashes": [
                "sha256:b1f395cae2d669e0830cb023aa86f9f283b7a9aa32317d7f80d8e78aa2745812",
                "sha256:854700bbdd01394e2ada9c1bfbd0ed9f5d0c551350dbbd023e88b11d2771ae06",
                "sha256:598a6004ec26a8ab40a39ea955068cf2a3949ad9c0030da970f2e1ca4c9f1cc9",
                "sha256:f53fe5bcebdf318f51399b250fe8325ef3a26d927f012cc0c8e0f9e9af7f9deb",
                "sha256:47fb6757ab78fe966e7c58b2030b546854f78416d653163f0ce9290cf2278e8b",
                "sha256:041e9fbafac548d095f5b6c3b328b80792f006196e15a232b731a83c93d59493",
                "sha256:0cea139045c38f84abaa803bcb4b5e8775ea12a42af10019d942f227acc426c3",
                "sha256:0cdca76a68dcb701fff58c397de0ef9922b472b1cb3ea9695ca19d03f1869787",
                "sha256:72fd8b0c11191da088147c6e4678ec53e573923ecf60b57eeac9e97433e09fc2",
                "sha256:c6747146e95d2b14cc2a8399b2b0bde3f93778f8f9ec704690d2b589c376c137",
                "sha256:0f2e50d20bc670be170966638fa0ae603f0bc9ed6ebe8e97a6d1d4cef30cc889",
                "sha256:af00ea8f2022b6287dc375b2c70f31ab5af83989fc6fe9eacd4976ce26cd7ccc"
            ],
            "version": "==0.2.1"
        },
        "python-dateutil": {
            "hashes": [
                "sha256:07009062406cffd554a9b4135cd2ff167c9bf6b7aac61fe946c93e69fad1bbd8",
                "sha256:8f95bb7e6edbb2456a51a1fb58c8dca942024b4f5844cae62c90aa88afe6e300"
            ],
            "version": "==2.7.0"
        },
        "python-slackclient": {
            "git": "https://github.com/slackhq/python-slackclient",
            "ref": "master"
        },
        "python-telegram-bot": {
            "hashes": [
                "sha256:caa89c0eb1e5284ec0d02d6a9a4d6dc1b7db356c16fcde0a4472c4613b742c6e",
                "sha256:580390d75a63706647962556bab69c7313bee1438411288c37f545e421498e6c"
            ],
            "version": "==10.0.1"
        },
        "pytz": {
            "hashes": [
                "sha256:ed6509d9af298b7995d69a440e2822288f2eca1681b8cce37673dbb10091e5fe",
                "sha256:f93ddcdd6342f94cea379c73cddb5724e0d6d0a1c91c9bdef364dc0368ba4fda",
                "sha256:61242a9abc626379574a166dc0e96a66cd7c3b27fc10868003fa210be4bff1c9",
                "sha256:ba18e6a243b3625513d85239b3e49055a2f0318466e0b8a92b8fb8ca7ccdf55f",
                "sha256:07edfc3d4d2705a20a6e99d97f0c4b61c800b8232dc1c04d87e8554f130148dd",
                "sha256:3a47ff71597f821cd84a162e71593004286e5be07a340fd462f0d33a760782b5",
                "sha256:5bd55c744e6feaa4d599a6cbd8228b4f8f9ba96de2c38d56f08e534b3c9edf0d",
                "sha256:887ab5e5b32e4d0c86efddd3d055c1f363cbaa583beb8da5e22d2fa2f64d51ef",
                "sha256:410bcd1d6409026fbaa65d9ed33bf6dd8b1e94a499e32168acfc7b332e4095c0"
            ],
            "version": "==2018.3"
        },
        "requests": {
            "hashes": [
                "sha256:6a1b267aa90cac58ac3a765d067950e7dbbf75b1da07e895d1f594193a40a38b",
                "sha256:9c443e7324ba5b85070c4a818ade28bfabedf16ea10206da1132edaa6dda237e"
            ],
            "version": "==2.18.4"
        },
        "six": {
            "hashes": [
                "sha256:832dc0e10feb1aa2c68dcc57dbb658f1c7e65b9b61af69048abc87a2db00a0eb",
                "sha256:70e8a77beed4562e7f14fe23a786b54f6296e34344c23bc42f07b15018ff98e9"
            ],
            "version": "==1.11.0"
        },
        "sleekxmpp": {
            "hashes": [
                "sha256:d213c1de71d92505f95ced0460ee0f84fdc4ddcacb7d7dd343739ed4028e5569"
            ],
            "version": "==1.3.3"
        },
        "tempora": {
            "hashes": [
                "sha256:e7496537422e72bb331e460b5d1c864dd95d42474ca454a61ab8760be37a2f26",
                "sha256:4be862dbdc6fcbcc57f4b355258daa41fc0932af99680142bfa20836379f57a5"
            ],
            "version": "==1.11"
        },
        "urllib3": {
            "hashes": [
                "sha256:06330f386d6e4b195fbfc736b297f58c5a892e4440e54d294d7004e3a9bbea1b",
                "sha256:cc44da8e1145637334317feebd728bd869a35285b93cbb4cca2577da7e62db4f"
            ],
            "version": "==1.22"
        }
    },
    "develop": {
        "apipkg": {
            "hashes": [
                "sha256:65d2aa68b28e7d31233bb2ba8eb31cda40e4671f8ac2d6b241e358c9652a74b9",
                "sha256:2e38399dbe842891fe85392601aab8f40a8f4cc5a9053c326de35a1cc0297ac6"
            ],
            "version": "==1.4"
        },
        "attrs": {
            "hashes": [
                "sha256:a17a9573a6f475c99b551c0e0a812707ddda1ec9653bed04c13841404ed6f450",
                "sha256:1c7960ccfd6a005cd9f7ba884e6316b5e430a3f1a6c37c5f87d8b43f83b54ec9"
            ],
            "version": "==17.4.0"
        },
        "coverage": {
            "hashes": [
                "sha256:7608a3dd5d73cb06c531b8925e0ef8d3de31fed2544a7de6c63960a1e73ea4bc",
                "sha256:3a2184c6d797a125dca8367878d3b9a178b6fdd05fdc2d35d758c3006a1cd694",
                "sha256:f3f501f345f24383c0000395b26b726e46758b71393267aeae0bd36f8b3ade80",
                "sha256:0b136648de27201056c1869a6c0d4e23f464750fd9a9ba9750b8336a244429ed",
                "sha256:337ded681dd2ef9ca04ef5d93cfc87e52e09db2594c296b4a0a3662cb1b41249",
                "sha256:3eb42bf89a6be7deb64116dd1cc4b08171734d721e7a7e57ad64cc4ef29ed2f1",
                "sha256:be6cfcd8053d13f5f5eeb284aa8a814220c3da1b0078fa859011c7fffd86dab9",
                "sha256:69bf008a06b76619d3c3f3b1983f5145c75a305a0fea513aca094cae5c40a8f5",
                "sha256:2eb564bbf7816a9d68dd3369a510be3327f1c618d2357fa6b1216994c2e3d508",
                "sha256:9d6dd10d49e01571bf6e147d3b505141ffc093a06756c60b053a859cb2128b1f",
                "sha256:701cd6093d63e6b8ad7009d8a92425428bc4d6e7ab8d75efbb665c806c1d79ba",
                "sha256:5a13ea7911ff5e1796b6d5e4fbbf6952381a611209b736d48e675c2756f3f74e",
                "sha256:c1bb572fab8208c400adaf06a8133ac0712179a334c09224fb11393e920abcdd",
                "sha256:03481e81d558d30d230bc12999e3edffe392d244349a90f4ef9b88425fac74ba",
                "sha256:28b2191e7283f4f3568962e373b47ef7f0392993bb6660d079c62bd50fe9d162",
                "sha256:de4418dadaa1c01d497e539210cb6baa015965526ff5afc078c57ca69160108d",
                "sha256:8c3cb8c35ec4d9506979b4cf90ee9918bc2e49f84189d9bf5c36c0c1119c6558",
                "sha256:7e1fe19bd6dce69d9fd159d8e4a80a8f52101380d5d3a4d374b6d3eae0e5de9c",
                "sha256:6bc583dc18d5979dc0f6cec26a8603129de0304d5ae1f17e57a12834e7235062",
                "sha256:198626739a79b09fa0a2f06e083ffd12eb55449b5f8bfdbeed1df4910b2ca640",
                "sha256:7aa36d2b844a3e4a4b356708d79fd2c260281a7390d678a10b91ca595ddc9e99",
                "sha256:3d72c20bd105022d29b14a7d628462ebdc61de2f303322c0212a054352f3b287",
                "sha256:4635a184d0bbe537aa185a34193898eee409332a8ccb27eea36f262566585000",
                "sha256:e05cb4d9aad6233d67e0541caa7e511fa4047ed7750ec2510d466e806e0255d6",
                "sha256:76ecd006d1d8f739430ec50cc872889af1f9c1b6b8f48e29941814b09b0fd3cc",
                "sha256:7d3f553904b0c5c016d1dad058a7554c7ac4c91a789fca496e7d8347ad040653",
                "sha256:3c79a6f7b95751cdebcd9037e4d06f8d5a9b60e4ed0cd231342aa8ad7124882a",
                "sha256:56e448f051a201c5ebbaa86a5efd0ca90d327204d8b059ab25ad0f35fbfd79f1",
                "sha256:ac4fef68da01116a5c117eba4dd46f2e06847a497de5ed1d64bb99a5fda1ef91",
                "sha256:1c383d2ef13ade2acc636556fd544dba6e14fa30755f26812f54300e401f98f2",
                "sha256:b8815995e050764c8610dbc82641807d196927c3dbed207f0a079833ffcf588d",
                "sha256:104ab3934abaf5be871a583541e8829d6c19ce7bde2923b2751e0d3ca44db60a",
                "sha256:9e112fcbe0148a6fa4f0a02e8d58e94470fc6cb82a5481618fea901699bf34c4",
                "sha256:15b111b6a0f46ee1a485414a52a7ad1d703bdf984e9ed3c288a4414d3871dcbd",
                "sha256:e4d96c07229f58cb686120f168276e434660e4358cc9cf3b0464210b04913e77",
                "sha256:f8a923a85cb099422ad5a2e345fe877bbc89a8a8b23235824a93488150e45f6e"
            ],
            "version": "==4.5.1"
        },
        "execnet": {
            "hashes": [
                "sha256:fc155a6b553c66c838d1a22dba1dc9f5f505c43285a878c6f74a79c024750b83",
                "sha256:a7a84d5fa07a089186a329528f127c9d73b9de57f1a1131b82bb5320ee651f6a"
            ],
            "version": "==1.5.0"
        },
        "pep8": {
            "hashes": [
                "sha256:b22cfae5db09833bb9bd7c8463b53e1a9c9b39f12e304a8d0bba729c501827ee",
                "sha256:fe249b52e20498e59e0b5c5256aa52ee99fc295b26ec9eaa85776ffdb9fe6374"
            ],
            "version": "==1.7.1"
        },
        "pluggy": {
            "hashes": [
                "sha256:7f8ae7f5bdf75671a718d2daf0a64b7885f74510bcd98b1a0bb420eb9a9d0cff"
            ],
            "version": "==0.6.0"
        },
        "py": {
            "hashes": [
                "sha256:8cca5c229d225f8c1e3085be4fcf306090b00850fefad892f9d96c7b6e2f310f",
                "sha256:ca18943e28235417756316bfada6cd96b23ce60dd532642690dcfdaba988a76d"
            ],
            "version": "==1.5.2"
        },
        "pytest": {
            "hashes": [
                "sha256:062027955bccbc04d2fcd5d79690947e018ba31abe4c90b2c6721abec734261b",
                "sha256:117bad36c1a787e1a8a659df35de53ba05f9f3398fb9e4ac17e80ad5903eb8c5"
            ],
            "version": "==3.4.2"
        },
        "pytest-cache": {
            "hashes": [
                "sha256:be7468edd4d3d83f1e844959fd6e3fd28e77a481440a7118d430130ea31b07a9"
            ],
            "version": "==1.0"
        },
        "pytest-pep8": {
            "hashes": [
                "sha256:032ef7e5fa3ac30f4458c73e05bb67b0f036a8a5cb418a534b3170f89f120318"
            ],
            "version": "==1.0.6"
        },
        "six": {
            "hashes": [
                "sha256:832dc0e10feb1aa2c68dcc57dbb658f1c7e65b9b61af69048abc87a2db00a0eb",
                "sha256:70e8a77beed4562e7f14fe23a786b54f6296e34344c23bc42f07b15018ff98e9"
            ],
            "version": "==1.11.0"
        }
    }
}
